
Microsoft Visual Studio Solution File, Format Version 12.00
# Visual Studio Version 17
VisualStudioVersion = 17.6.33723.286
MinimumVisualStudioVersion = 10.0.40219.1
Project("{9A19103F-16F7-4668-BE54-9A1E7A4F7556}") = "ZHOSPITAL", "ZHOSPITAL\ZHOSPITAL.csproj", "{4F9D99FB-CD70-4B56-B55A-B9CA959C152B}"
EndProject
Global
	GlobalSection(SolutionConfigurationPlatforms) = preSolution
		Debug|Any CPU = Debug|Any CPU
		Release|Any CPU = Release|Any CPU
	EndGlobalSection
	GlobalSection(ProjectConfigurationPlatforms) = postSolution
		{4F9D99FB-CD70-4B56-B55A-B9CA959C152B}.Debug|Any CPU.ActiveCfg = Debug|Any CPU
		{4F9D99FB-CD70-4B56-B55A-B9CA959C152B}.Debug|Any CPU.Build.0 = Debug|Any CPU
		{4F9D99FB-CD70-4B56-B55A-B9CA959C152B}.Release|Any CPU.ActiveCfg = Release|Any CPU
		{4F9D99FB-CD70-4B56-B55A-B9CA959C152B}.Release|Any CPU.Build.0 = Release|Any CPU
	EndGlobalSection
	GlobalSection(SolutionProperties) = preSolution
		HideSolutionNode = FALSE
	EndGlobalSection
	GlobalSection(ExtensibilityGlobals) = postSolution
		SolutionGuid = {F37837BC-758D-4DD7-BD95-AE675942FE99}
	EndGlobalSection
EndGlobal
